// !$*UTF8*$!
{
	archiveVersion = 1;
	classes = {
	};
	objectVersion = 56;
	objects = {

/* Begin PBXBuildFile section */
		032C5BE029758813002088FB /* FavouriteViewController.swift in Sources */ = {isa = PBXBuildFile; fileRef = 032C5BDF29758813002088FB /* FavouriteViewController.swift */; };
		032C5BE62975899E002088FB /* AuthViewController.swift in Sources */ = {isa = PBXBuildFile; fileRef = 032C5BE52975899E002088FB /* AuthViewController.swift */; };
		032C5BE8297589B9002088FB /* WelcomeViewController.swift in Sources */ = {isa = PBXBuildFile; fileRef = 032C5BE7297589B9002088FB /* WelcomeViewController.swift */; };
		032C5BEA297589E5002088FB /* SettingsViewController.swift in Sources */ = {isa = PBXBuildFile; fileRef = 032C5BE9297589E5002088FB /* SettingsViewController.swift */; };
		032C5BEE297589E5002088FB /* AuthManager.swift in Sources */ = {isa = PBXBuildFile; fileRef = 032C5BED297589E5002088FB /* AuthManager.swift */; };
		032C5BF0297589E5002088FB /* APICaller.swift in Sources */ = {isa = PBXBuildFile; fileRef = 032C5BEF297589E5002088FB /* APICaller.swift */; };
		032C5BF2297589E5002088FB /* Food.swift in Sources */ = {isa = PBXBuildFile; fileRef = 032C5BF1297589E5002088FB /* Food.swift */; };
		032C5BF4297589E5002088FB /* User.swift in Sources */ = {isa = PBXBuildFile; fileRef = 032C5BF3297589E5002088FB /* User.swift */; };
		032C5BF6297589E5002088FB /* Favourite.swift in Sources */ = {isa = PBXBuildFile; fileRef = 032C5BF5297589E5002088FB /* Favourite.swift */; };
		032C5BFF297589E5002088FB /* TabBarViewController.swift in Sources */ = {isa = PBXBuildFile; fileRef = 032C5BFE297589E5002088FB /* TabBarViewController.swift */; };
		036FCC0E2975681D00AB4E49 /* ProfileViewController.swift in Sources */ = {isa = PBXBuildFile; fileRef = 036FCC0D2975681D00AB4E49 /* ProfileViewController.swift */; };
		036FCC102977463700AB4E49 /* Extensions.swift in Sources */ = {isa = PBXBuildFile; fileRef = 036FCC0F2977463700AB4E49 /* Extensions.swift */; };
		038C6A372975243000F7C65D /* AppDelegate.swift in Sources */ = {isa = PBXBuildFile; fileRef = 038C6A362975243000F7C65D /* AppDelegate.swift */; };
		038C6A392975243000F7C65D /* SceneDelegate.swift in Sources */ = {isa = PBXBuildFile; fileRef = 038C6A382975243000F7C65D /* SceneDelegate.swift */; };
		038C6A3B2975243000F7C65D /* HomeViewController.swift in Sources */ = {isa = PBXBuildFile; fileRef = 038C6A3A2975243000F7C65D /* HomeViewController.swift */; };
		038C6A402975243300F7C65D /* Assets.xcassets in Resources */ = {isa = PBXBuildFile; fileRef = 038C6A3F2975243300F7C65D /* Assets.xcassets */; };
		038C6A432975243300F7C65D /* LaunchScreen.storyboard in Resources */ = {isa = PBXBuildFile; fileRef = 038C6A412975243300F7C65D /* LaunchScreen.storyboard */; };
/* End PBXBuildFile section */

/* Begin PBXFileReference section */
		032C5BDF29758813002088FB /* FavouriteViewController.swift */ = {isa = PBXFileReference; lastKnownFileType = sourcecode.swift; path = FavouriteViewController.swift; sourceTree = "<group>"; };
		032C5BE52975899E002088FB /* AuthViewController.swift */ = {isa = PBXFileReference; lastKnownFileType = sourcecode.swift; path = AuthViewController.swift; sourceTree = "<group>"; };
		032C5BE7297589B9002088FB /* WelcomeViewController.swift */ = {isa = PBXFileReference; lastKnownFileType = sourcecode.swift; path = WelcomeViewController.swift; sourceTree = "<group>"; };
		032C5BE9297589E5002088FB /* SettingsViewController.swift */ = {isa = PBXFileReference; lastKnownFileType = sourcecode.swift; path = SettingsViewController.swift; sourceTree = "<group>"; };
		032C5BED297589E5002088FB /* AuthManager.swift */ = {isa = PBXFileReference; lastKnownFileType = sourcecode.swift; path = AuthManager.swift; sourceTree = "<group>"; };
		032C5BEF297589E5002088FB /* APICaller.swift */ = {isa = PBXFileReference; lastKnownFileType = sourcecode.swift; path = APICaller.swift; sourceTree = "<group>"; };
		032C5BF1297589E5002088FB /* Food.swift */ = {isa = PBXFileReference; lastKnownFileType = sourcecode.swift; path = Food.swift; sourceTree = "<group>"; };
		032C5BF3297589E5002088FB /* User.swift */ = {isa = PBXFileReference; lastKnownFileType = sourcecode.swift; path = User.swift; sourceTree = "<group>"; };
		032C5BF5297589E5002088FB /* Favourite.swift */ = {isa = PBXFileReference; lastKnownFileType = sourcecode.swift; path = Favourite.swift; sourceTree = "<group>"; };
		032C5BFE297589E5002088FB /* TabBarViewController.swift */ = {isa = PBXFileReference; lastKnownFileType = sourcecode.swift; path = TabBarViewController.swift; sourceTree = "<group>"; };
		036FCC0D2975681D00AB4E49 /* ProfileViewController.swift */ = {isa = PBXFileReference; lastKnownFileType = sourcecode.swift; path = ProfileViewController.swift; sourceTree = "<group>"; };
		036FCC0F2977463700AB4E49 /* Extensions.swift */ = {isa = PBXFileReference; lastKnownFileType = sourcecode.swift; path = Extensions.swift; sourceTree = "<group>"; };
		038C6A332975243000F7C65D /* EatSure.app */ = {isa = PBXFileReference; explicitFileType = wrapper.application; includeInIndex = 0; path = EatSure.app; sourceTree = BUILT_PRODUCTS_DIR; };
		038C6A362975243000F7C65D /* AppDelegate.swift */ = {isa = PBXFileReference; lastKnownFileType = sourcecode.swift; path = AppDelegate.swift; sourceTree = "<group>"; };
		038C6A382975243000F7C65D /* SceneDelegate.swift */ = {isa = PBXFileReference; lastKnownFileType = sourcecode.swift; path = SceneDelegate.swift; sourceTree = "<group>"; };
		038C6A3A2975243000F7C65D /* HomeViewController.swift */ = {isa = PBXFileReference; lastKnownFileType = sourcecode.swift; path = HomeViewController.swift; sourceTree = "<group>"; };
		038C6A3F2975243300F7C65D /* Assets.xcassets */ = {isa = PBXFileReference; lastKnownFileType = folder.assetcatalog; path = Assets.xcassets; sourceTree = "<group>"; };
		038C6A422975243300F7C65D /* Base */ = {isa = PBXFileReference; lastKnownFileType = file.storyboard; name = Base; path = Base.lproj/LaunchScreen.storyboard; sourceTree = "<group>"; };
		038C6A442975243300F7C65D /* Info.plist */ = {isa = PBXFileReference; lastKnownFileType = text.plist.xml; path = Info.plist; sourceTree = "<group>"; };
/* End PBXFileReference section */

/* Begin PBXFrameworksBuildPhase section */
		038C6A302975243000F7C65D /* Frameworks */ = {
			isa = PBXFrameworksBuildPhase;
			buildActionMask = 2147483647;
			files = (
			);
			runOnlyForDeploymentPostprocessing = 0;
		};
/* End PBXFrameworksBuildPhase section */

/* Begin PBXGroup section */
		032C5BE329758960002088FB /* Core */ = {
			isa = PBXGroup;
			children = (
				032C5BFE297589E5002088FB /* TabBarViewController.swift */,
				038C6A3A2975243000F7C65D /* HomeViewController.swift */,
				032C5BDF29758813002088FB /* FavouriteViewController.swift */,
				036FCC0D2975681D00AB4E49 /* ProfileViewController.swift */,
			);
			path = Core;
			sourceTree = "<group>";
		};
		032C5BE429758975002088FB /* Other */ = {
			isa = PBXGroup;
			children = (
				032C5BE52975899E002088FB /* AuthViewController.swift */,
				032C5BE7297589B9002088FB /* WelcomeViewController.swift */,
				032C5BE9297589E5002088FB /* SettingsViewController.swift */,
			);
			path = Other;
			sourceTree = "<group>";
		};
		038C6A2A2975243000F7C65D = {
			isa = PBXGroup;
			children = (
				038C6A352975243000F7C65D /* EatSure */,
				038C6A342975243000F7C65D /* Products */,
			);
			sourceTree = "<group>";
		};
		038C6A342975243000F7C65D /* Products */ = {
			isa = PBXGroup;
			children = (
				038C6A332975243000F7C65D /* EatSure.app */,
			);
			name = Products;
			sourceTree = "<group>";
		};
		038C6A352975243000F7C65D /* EatSure */ = {
			isa = PBXGroup;
			children = (
				038C6A51297538A100F7C65D /* Resources */,
				038C6A4F2975381D00F7C65D /* Managers */,
				038C6A4E2975380C00F7C65D /* ViewModels */,
				038C6A4C297537EB00F7C65D /* Models */,
				038C6A502975388300F7C65D /* Views */,
				038C6A4B297537C600F7C65D /* Controllers */,
				038C6A442975243300F7C65D /* Info.plist */,
			);
			path = EatSure;
			sourceTree = "<group>";
		};
		038C6A4B297537C600F7C65D /* Controllers */ = {
			isa = PBXGroup;
			children = (
				032C5BE429758975002088FB /* Other */,
				032C5BE329758960002088FB /* Core */,
			);
			path = Controllers;
			sourceTree = "<group>";
		};
		038C6A4C297537EB00F7C65D /* Models */ = {
			isa = PBXGroup;
			children = (
				032C5BF1297589E5002088FB /* Food.swift */,
				032C5BF3297589E5002088FB /* User.swift */,
				032C5BF5297589E5002088FB /* Favourite.swift */,
			);
			path = Models;
			sourceTree = "<group>";
		};
		038C6A4E2975380C00F7C65D /* ViewModels */ = {
			isa = PBXGroup;
			children = (
			);
			path = ViewModels;
			sourceTree = "<group>";
		};
		038C6A4F2975381D00F7C65D /* Managers */ = {
			isa = PBXGroup;
			children = (
				032C5BED297589E5002088FB /* AuthManager.swift */,
				032C5BEF297589E5002088FB /* APICaller.swift */,
			);
			path = Managers;
			sourceTree = "<group>";
		};
		038C6A502975388300F7C65D /* Views */ = {
			isa = PBXGroup;
			children = (
				038C6A412975243300F7C65D /* LaunchScreen.storyboard */,
			);
			path = Views;
			sourceTree = "<group>";
		};
		038C6A51297538A100F7C65D /* Resources */ = {
			isa = PBXGroup;
			children = (
				038C6A3F2975243300F7C65D /* Assets.xcassets */,
				038C6A362975243000F7C65D /* AppDelegate.swift */,
				038C6A382975243000F7C65D /* SceneDelegate.swift */,
				036FCC0F2977463700AB4E49 /* Extensions.swift */,
			);
			path = Resources;
			sourceTree = "<group>";
		};
/* End PBXGroup section */

/* Begin PBXNativeTarget section */
		038C6A322975243000F7C65D /* EatSure */ = {
			isa = PBXNativeTarget;
			buildConfigurationList = 038C6A472975243300F7C65D /* Build configuration list for PBXNativeTarget "EatSure" */;
			buildPhases = (
				038C6A2F2975243000F7C65D /* Sources */,
				038C6A302975243000F7C65D /* Frameworks */,
				038C6A312975243000F7C65D /* Resources */,
			);
			buildRules = (
			);
			dependencies = (
			);
			name = EatSure;
			productName = EatSure;
			productReference = 038C6A332975243000F7C65D /* EatSure.app */;
			productType = "com.apple.product-type.application";
		};
/* End PBXNativeTarget section */

/* Begin PBXProject section */
		038C6A2B2975243000F7C65D /* Project object */ = {
			isa = PBXProject;
			attributes = {
				BuildIndependentTargetsInParallel = 1;
				LastSwiftUpdateCheck = 1410;
				LastUpgradeCheck = 1410;
				TargetAttributes = {
					038C6A322975243000F7C65D = {
						CreatedOnToolsVersion = 14.1;
					};
				};
			};
			buildConfigurationList = 038C6A2E2975243000F7C65D /* Build configuration list for PBXProject "EatSure" */;
			compatibilityVersion = "Xcode 14.0";
			developmentRegion = en;
			hasScannedForEncodings = 0;
			knownRegions = (
				en,
				Base,
			);
			mainGroup = 038C6A2A2975243000F7C65D;
			productRefGroup = 038C6A342975243000F7C65D /* Products */;
			projectDirPath = "";
			projectRoot = "";
			targets = (
				038C6A322975243000F7C65D /* EatSure */,
			);
		};
/* End PBXProject section */

/* Begin PBXResourcesBuildPhase section */
		038C6A312975243000F7C65D /* Resources */ = {
			isa = PBXResourcesBuildPhase;
			buildActionMask = 2147483647;
			files = (
				038C6A432975243300F7C65D /* LaunchScreen.storyboard in Resources */,
				038C6A402975243300F7C65D /* Assets.xcassets in Resources */,
			);
			runOnlyForDeploymentPostprocessing = 0;
		};
/* End PBXResourcesBuildPhase section */

/* Begin PBXSourcesBuildPhase section */
		038C6A2F2975243000F7C65D /* Sources */ = {
			isa = PBXSourcesBuildPhase;
			buildActionMask = 2147483647;
			files = (
				032C5BF6297589E5002088FB /* Favourite.swift in Sources */,
				032C5BE8297589B9002088FB /* WelcomeViewController.swift in Sources */,
				038C6A3B2975243000F7C65D /* HomeViewController.swift in Sources */,
				032C5BE62975899E002088FB /* AuthViewController.swift in Sources */,
				036FCC0E2975681D00AB4E49 /* ProfileViewController.swift in Sources */,
				032C5BFF297589E5002088FB /* TabBarViewController.swift in Sources */,
				032C5BF4297589E5002088FB /* User.swift in Sources */,
				038C6A372975243000F7C65D /* AppDelegate.swift in Sources */,
				032C5BF0297589E5002088FB /* APICaller.swift in Sources */,
				032C5BE029758813002088FB /* FavouriteViewController.swift in Sources */,
				036FCC102977463700AB4E49 /* Extensions.swift in Sources */,
				032C5BF2297589E5002088FB /* Food.swift in Sources */,
				032C5BEE297589E5002088FB /* AuthManager.swift in Sources */,
				038C6A392975243000F7C65D /* SceneDelegate.swift in Sources */,
				032C5BEA297589E5002088FB /* SettingsViewController.swift in Sources */,
			);
			runOnlyForDeploymentPostprocessing = 0;
		};
/* End PBXSourcesBuildPhase section */

/* Begin PBXVariantGroup section */
		038C6A412975243300F7C65D /* LaunchScreen.storyboard */ = {
			isa = PBXVariantGroup;
			children = (
				038C6A422975243300F7C65D /* Base */,
			);
			name = LaunchScreen.storyboard;
			sourceTree = "<group>";
		};
/* End PBXVariantGroup section */

/* Begin XCBuildConfiguration section */
		038C6A452975243300F7C65D /* Debug */ = {
			isa = XCBuildConfiguration;
			buildSettings = {
				ALWAYS_SEARCH_USER_PATHS = NO;
				CLANG_ANALYZER_NONNULL = YES;
				CLANG_ANALYZER_NUMBER_OBJECT_CONVERSION = YES_AGGRESSIVE;
				CLANG_CXX_LANGUAGE_STANDARD = "gnu++20";
				CLANG_ENABLE_MODULES = YES;
				CLANG_ENABLE_OBJC_ARC = YES;
				CLANG_ENABLE_OBJC_WEAK = YES;
				CLANG_WARN_BLOCK_CAPTURE_AUTORELEASING = YES;
				CLANG_WARN_BOOL_CONVERSION = YES;
				CLANG_WARN_COMMA = YES;
				CLANG_WARN_CONSTANT_CONVERSION = YES;
				CLANG_WARN_DEPRECATED_OBJC_IMPLEMENTATIONS = YES;
				CLANG_WARN_DIRECT_OBJC_ISA_USAGE = YES_ERROR;
				CLANG_WARN_DOCUMENTATION_COMMENTS = YES;
				CLANG_WARN_EMPTY_BODY = YES;
				CLANG_WARN_ENUM_CONVERSION = YES;
				CLANG_WARN_INFINITE_RECURSION = YES;
				CLANG_WARN_INT_CONVERSION = YES;
				CLANG_WARN_NON_LITERAL_NULL_CONVERSION = YES;
				CLANG_WARN_OBJC_IMPLICIT_RETAIN_SELF = YES;
				CLANG_WARN_OBJC_LITERAL_CONVERSION = YES;
				CLANG_WARN_OBJC_ROOT_CLASS = YES_ERROR;
				CLANG_WARN_QUOTED_INCLUDE_IN_FRAMEWORK_HEADER = YES;
				CLANG_WARN_RANGE_LOOP_ANALYSIS = YES;
				CLANG_WARN_STRICT_PROTOTYPES = YES;
				CLANG_WARN_SUSPICIOUS_MOVE = YES;
				CLANG_WARN_UNGUARDED_AVAILABILITY = YES_AGGRESSIVE;
				CLANG_WARN_UNREACHABLE_CODE = YES;
				CLANG_WARN__DUPLICATE_METHOD_MATCH = YES;
				COPY_PHASE_STRIP = NO;
				DEBUG_INFORMATION_FORMAT = dwarf;
				ENABLE_STRICT_OBJC_MSGSEND = YES;
				ENABLE_TESTABILITY = YES;
				GCC_C_LANGUAGE_STANDARD = gnu11;
				GCC_DYNAMIC_NO_PIC = NO;
				GCC_NO_COMMON_BLOCKS = YES;
				GCC_OPTIMIZATION_LEVEL = 0;
				GCC_PREPROCESSOR_DEFINITIONS = (
					"DEBUG=1",
					"$(inherited)",
				);
				GCC_WARN_64_TO_32_BIT_CONVERSION = YES;
				GCC_WARN_ABOUT_RETURN_TYPE = YES_ERROR;
				GCC_WARN_UNDECLARED_SELECTOR = YES;
				GCC_WARN_UNINITIALIZED_AUTOS = YES_AGGRESSIVE;
				GCC_WARN_UNUSED_FUNCTION = YES;
				GCC_WARN_UNUSED_VARIABLE = YES;
				IPHONEOS_DEPLOYMENT_TARGET = 16.1;
				MTL_ENABLE_DEBUG_INFO = INCLUDE_SOURCE;
				MTL_FAST_MATH = YES;
				ONLY_ACTIVE_ARCH = YES;
				SDKROOT = iphoneos;
				SWIFT_ACTIVE_COMPILATION_CONDITIONS = DEBUG;
				SWIFT_OPTIMIZATION_LEVEL = "-Onone";
			};
			name = Debug;
		};
		038C6A462975243300F7C65D /* Release */ = {
			isa = XCBuildConfiguration;
			buildSettings = {
				ALWAYS_SEARCH_USER_PATHS = NO;
				CLANG_ANALYZER_NONNULL = YES;
				CLANG_ANALYZER_NUMBER_OBJECT_CONVERSION = YES_AGGRESSIVE;
				CLANG_CXX_LANGUAGE_STANDARD = "gnu++20";
				CLANG_ENABLE_MODULES = YES;
				CLANG_ENABLE_OBJC_ARC = YES;
				CLANG_ENABLE_OBJC_WEAK = YES;
				CLANG_WARN_BLOCK_CAPTURE_AUTORELEASING = YES;
				CLANG_WARN_BOOL_CONVERSION = YES;
				CLANG_WARN_COMMA = YES;
				CLANG_WARN_CONSTANT_CONVERSION = YES;
				CLANG_WARN_DEPRECATED_OBJC_IMPLEMENTATIONS = YES;
				CLANG_WARN_DIRECT_OBJC_ISA_USAGE = YES_ERROR;
				CLANG_WARN_DOCUMENTATION_COMMENTS = YES;
				CLANG_WARN_EMPTY_BODY = YES;
				CLANG_WARN_ENUM_CONVERSION = YES;
				CLANG_WARN_INFINITE_RECURSION = YES;
				CLANG_WARN_INT_CONVERSION = YES;
				CLANG_WARN_NON_LITERAL_NULL_CONVERSION = YES;
				CLANG_WARN_OBJC_IMPLICIT_RETAIN_SELF = YES;
				CLANG_WARN_OBJC_LITERAL_CONVERSION = YES;
				CLANG_WARN_OBJC_ROOT_CLASS = YES_ERROR;
				CLANG_WARN_QUOTED_INCLUDE_IN_FRAMEWORK_HEADER = YES;
				CLANG_WARN_RANGE_LOOP_ANALYSIS = YES;
				CLANG_WARN_STRICT_PROTOTYPES = YES;
				CLANG_WARN_SUSPICIOUS_MOVE = YES;
				CLANG_WARN_UNGUARDED_AVAILABILITY = YES_AGGRESSIVE;
				CLANG_WARN_UNREACHABLE_CODE = YES;
				CLANG_WARN__DUPLICATE_METHOD_MATCH = YES;
				COPY_PHASE_STRIP = NO;
				DEBUG_INFORMATION_FORMAT = "dwarf-with-dsym";
				ENABLE_NS_ASSERTIONS = NO;
				ENABLE_STRICT_OBJC_MSGSEND = YES;
				GCC_C_LANGUAGE_STANDARD = gnu11;
				GCC_NO_COMMON_BLOCKS = YES;
				GCC_WARN_64_TO_32_BIT_CONVERSION = YES;
				GCC_WARN_ABOUT_RETURN_TYPE = YES_ERROR;
				GCC_WARN_UNDECLARED_SELECTOR = YES;
				GCC_WARN_UNINITIALIZED_AUTOS = YES_AGGRESSIVE;
				GCC_WARN_UNUSED_FUNCTION = YES;
				GCC_WARN_UNUSED_VARIABLE = YES;
				IPHONEOS_DEPLOYMENT_TARGET = 16.1;
				MTL_ENABLE_DEBUG_INFO = NO;
				MTL_FAST_MATH = YES;
				SDKROOT = iphoneos;
				SWIFT_COMPILATION_MODE = wholemodule;
				SWIFT_OPTIMIZATION_LEVEL = "-O";
				VALIDATE_PRODUCT = YES;
			};
			name = Release;
		};
		038C6A482975243300F7C65D /* Debug */ = {
			isa = XCBuildConfiguration;
			buildSettings = {
				ASSETCATALOG_COMPILER_APPICON_NAME = AppIcon;
				ASSETCATALOG_COMPILER_GLOBAL_ACCENT_COLOR_NAME = AccentColor;
				CODE_SIGN_STYLE = Automatic;
				CURRENT_PROJECT_VERSION = 1;
				GENERATE_INFOPLIST_FILE = YES;
				INFOPLIST_FILE = EatSure/Info.plist;
				INFOPLIST_KEY_UIApplicationSupportsIndirectInputEvents = YES;
				INFOPLIST_KEY_UILaunchStoryboardName = LaunchScreen;
				INFOPLIST_KEY_UISupportedInterfaceOrientations_iPad = "UIInterfaceOrientationPortrait UIInterfaceOrientationPortraitUpsideDown UIInterfaceOrientationLandscapeLeft UIInterfaceOrientationLandscapeRight";
				INFOPLIST_KEY_UISupportedInterfaceOrientations_iPhone = "UIInterfaceOrientationPortrait UIInterfaceOrientationLandscapeLeft UIInterfaceOrientationLandscapeRight";
				LD_RUNPATH_SEARCH_PATHS = (
					"$(inherited)",
					"@executable_path/Frameworks",
				);
				MARKETING_VERSION = 1.0;
				PRODUCT_BUNDLE_IDENTIFIER = nibm.EatSure;
				PRODUCT_NAME = "$(TARGET_NAME)";
				SWIFT_EMIT_LOC_STRINGS = YES;
				SWIFT_VERSION = 5.0;
				TARGETED_DEVICE_FAMILY = "1,2";
			};
			name = Debug;
		};
		038C6A492975243300F7C65D /* Release */ = {
			isa = XCBuildConfiguration;
			buildSettings = {
				ASSETCATALOG_COMPILER_APPICON_NAME = AppIcon;
				ASSETCATALOG_COMPILER_GLOBAL_ACCENT_COLOR_NAME = AccentColor;
				CODE_SIGN_STYLE = Automatic;
				CURRENT_PROJECT_VERSION = 1;
				GENERATE_INFOPLIST_FILE = YES;
				INFOPLIST_FILE = EatSure/Info.plist;
				INFOPLIST_KEY_UIApplicationSupportsIndirectInputEvents = YES;
				INFOPLIST_KEY_UILaunchStoryboardName = LaunchScreen;
				INFOPLIST_KEY_UISupportedInterfaceOrientations_iPad = "UIInterfaceOrientationPortrait UIInterfaceOrientationPortraitUpsideDown UIInterfaceOrientationLandscapeLeft UIInterfaceOrientationLandscapeRight";
				INFOPLIST_KEY_UISupportedInterfaceOrientations_iPhone = "UIInterfaceOrientationPortrait UIInterfaceOrientationLandscapeLeft UIInterfaceOrientationLandscapeRight";
				LD_RUNPATH_SEARCH_PATHS = (
					"$(inherited)",
					"@executable_path/Frameworks",
				);
				MARKETING_VERSION = 1.0;
				PRODUCT_BUNDLE_IDENTIFIER = nibm.EatSure;
				PRODUCT_NAME = "$(TARGET_NAME)";
				SWIFT_EMIT_LOC_STRINGS = YES;
				SWIFT_VERSION = 5.0;
				TARGETED_DEVICE_FAMILY = "1,2";
			};
			name = Release;
		};
/* End XCBuildConfiguration section */

/* Begin XCConfigurationList section */
		038C6A2E2975243000F7C65D /* Build configuration list for PBXProject "EatSure" */ = {
			isa = XCConfigurationList;
			buildConfigurations = (
				038C6A452975243300F7C65D /* Debug */,
				038C6A462975243300F7C65D /* Release */,
			);
			defaultConfigurationIsVisible = 0;
			defaultConfigurationName = Release;
		};
		038C6A472975243300F7C65D /* Build configuration list for PBXNativeTarget "EatSure" */ = {
			isa = XCConfigurationList;
			buildConfigurations = (
				038C6A482975243300F7C65D /* Debug */,
				038C6A492975243300F7C65D /* Release */,
			);
			defaultConfigurationIsVisible = 0;
			defaultConfigurationName = Release;
		};
/* End XCConfigurationList section */
	};
	rootObject = 038C6A2B2975243000F7C65D /* Project object */;
}
